# Spotless formatter based on Eclipse-WTP version 3.23 (see https://www.eclipse.org/webtools/)
com.diffplug.spotless:spotless-eclipse-wtp:3.23.0
com.diffplug.spotless:spotless-eclipse-base:3.5.2
com.github.spotbugs:spotbugs-annotations:4.0.2
com.google.code.findbugs:jsr305:3.0.2
com.ibm.icu:icu4j:67.1
net.jcip:jcip-annotations:1.0
org.eclipse.emf:org.eclipse.emf.common:2.23.0
org.eclipse.emf:org.eclipse.emf.ecore:2.25.0
org.eclipse.emf:org.eclipse.xsd:2.18.0
org.eclipse.platform:org.eclipse.core.commands:3.10.100
org.eclipse.platform:org.eclipse.core.contenttype:3.8.0
org.eclipse.platform:org.eclipse.core.filebuffers:3.7.0
org.eclipse.platform:org.eclipse.core.filesystem:1.9.100
org.eclipse.platform:org.eclipse.core.jobs:3.12.0
org.eclipse.platform:org.eclipse.core.resources:3.15.100
org.eclipse.platform:org.eclipse.core.runtime:3.23.0
org.eclipse.platform:org.eclipse.equinox.app:1.6.0
org.eclipse.platform:org.eclipse.equinox.common:3.15.0
org.eclipse.platform:org.eclipse.equinox.preferences:3.9.0
org.eclipse.platform:org.eclipse.equinox.registry:3.11.0
org.eclipse.platform:org.eclipse.jface.text:3.18.100
org.eclipse.platform:org.eclipse.jface:3.23.0
org.eclipse.platform:org.eclipse.osgi.services:3.10.200
org.eclipse.platform:org.eclipse.osgi:3.17.0
org.eclipse.platform:org.eclipse.text:3.12.0
