# Spotless formatter based on JDT version 4.19.0 (see https://projects.eclipse.org/projects/eclipse.jdt)
# Compare tag in M2 pom with https://git.eclipse.org/c/jdt/eclipse.jdt.core.git/log/?h=R4_19 to determine core version.
com.diffplug.spotless:spotless-eclipse-jdt:4.8.0
com.diffplug.spotless:spotless-eclipse-base:3.4.2
com.github.spotbugs:spotbugs-annotations:4.0.2
com.google.code.findbugs:jsr305:3.0.2
net.jcip:jcip-annotations:1.0
org.eclipse.jdt:org.eclipse.jdt.core:3.25.0
org.eclipse.platform:org.eclipse.core.commands:3.9.800
org.eclipse.platform:org.eclipse.core.contenttype:3.7.900
org.eclipse.platform:org.eclipse.core.jobs:3.10.1100
org.eclipse.platform:org.eclipse.core.resources:3.14.0
org.eclipse.platform:org.eclipse.core.runtime:3.20.100
org.eclipse.platform:org.eclipse.equinox.app:1.5.100
org.eclipse.platform:org.eclipse.equinox.common:3.14.100
org.eclipse.platform:org.eclipse.equinox.preferences:3.8.200
org.eclipse.platform:org.eclipse.equinox.registry:3.10.100
org.eclipse.platform:org.eclipse.osgi:3.16.200
org.eclipse.platform:org.eclipse.text:3.11.0