# Spotless formatter based on Eclipse-JDT 4.31
org.eclipse.jdt:org.eclipse.jdt.core:3.37.0
org.eclipse.jdt:ecj:3.37.0
org.eclipse.platform:org.eclipse.core.commands:3.12.0
org.eclipse.platform:org.eclipse.core.contenttype:3.9.300
org.eclipse.platform:org.eclipse.core.expressions:3.9.300
org.eclipse.platform:org.eclipse.core.filesystem:1.10.300
org.eclipse.platform:org.eclipse.core.jobs:3.15.200
org.eclipse.platform:org.eclipse.core.resources:3.20.100
org.eclipse.platform:org.eclipse.core.runtime:3.31.0
org.eclipse.platform:org.eclipse.equinox.app:1.7.0
org.eclipse.platform:org.eclipse.equinox.common:3.19.0
org.eclipse.platform:org.eclipse.equinox.preferences:3.11.0
org.eclipse.platform:org.eclipse.equinox.registry:3.12.0
org.eclipse.platform:org.eclipse.equinox.supplement:1.10.800
org.eclipse.platform:org.eclipse.osgi:3.19.0
org.eclipse.platform:org.eclipse.text:3.14.0
org.osgi:org.osgi.service.prefs:1.1.2
