# Spotless formatter based on Groovy-Eclipse version 3.0.0 (see https://github.com/groovy/groovy-eclipse/releases)
com.diffplug.spotless:spotless-eclipse-groovy:3.2.0
com.diffplug.spotless:spotless-eclipse-base:3.1.1
com.google.code.findbugs:annotations:3.0.0
com.google.code.findbugs:jsr305:3.0.0
org.eclipse.platform:org.eclipse.core.commands:3.9.300
org.eclipse.platform:org.eclipse.core.contenttype:3.7.300
org.eclipse.platform:org.eclipse.core.jobs:3.10.300
org.eclipse.platform:org.eclipse.core.resources:3.13.300
org.eclipse.platform:org.eclipse.core.runtime:3.15.200
org.eclipse.platform:org.eclipse.equinox.app:1.4.100
org.eclipse.platform:org.eclipse.equinox.common:3.10.300
org.eclipse.platform:org.eclipse.equinox.preferences:3.7.300
org.eclipse.platform:org.eclipse.equinox.registry:3.8.300
org.eclipse.platform:org.eclipse.jface.text:3.15.100
org.eclipse.platform:org.eclipse.jface:3.15.100
org.eclipse.platform:org.eclipse.osgi:3.13.300
org.eclipse.platform:org.eclipse.text:3.8.100